{
  "pins" : [
    {
      "identity" : "safaricover",
      "kind" : "remoteSourceControl",
      "location" : "https://github.com/TopScrech/SafariCover",
      "state" : {
        "branch" : "main",
        "revision" : "e330eebdfa580df6bfe050662c4825cf5e92cd21"
      }
    },
    {
      "identity" : "screchkit",
      "kind" : "remoteSourceControl",
      "location" : "https://github.com/TopScrech/ScrechKit",
      "state" : {
        "branch" : "main",
        "revision" : "a9b537aad7c385267962dd84194ce55d698fa48c"
      }
    }
  ],
  "version" : 2
}
